// !$*UTF8*$!
{
	archiveVersion = 1;
	classes = {
	};
	objectVersion = 46;
	objects = {

/* Begin PBXBuildFile section */
		15191AF61BC5F5A40037E691 /* TasksDetailTableViewController.m in Sources */ = {isa = PBXBuildFile; fileRef = 15191AF51BC5F5A40037E691 /* TasksDetailTableViewController.m */; settings = {ASSET_TAGS = (); }; };
		15CC83541BC88D7F009809BB /* TaskCreationViewController.m in Sources */ = {isa = PBXBuildFile; fileRef = 15CC83531BC88D7F009809BB /* TaskCreationViewController.m */; settings = {ASSET_TAGS = (); }; };
		15DFA3E01BC1AE3F00E18289 /* main.m in Sources */ = {isa = PBXBuildFile; fileRef = 15DFA3DF1BC1AE3F00E18289 /* main.m */; };
		15DFA3E31BC1AE3F00E18289 /* AppDelegate.m in Sources */ = {isa = PBXBuildFile; fileRef = 15DFA3E21BC1AE3F00E18289 /* AppDelegate.m */; };
		15DFA3E91BC1AE3F00E18289 /* Main.storyboard in Resources */ = {isa = PBXBuildFile; fileRef = 15DFA3E71BC1AE3F00E18289 /* Main.storyboard */; };
		15DFA3EC1BC1AE3F00E18289 /* MarsWater.xcdatamodeld in Sources */ = {isa = PBXBuildFile; fileRef = 15DFA3EA1BC1AE3F00E18289 /* MarsWater.xcdatamodeld */; };
		15DFA3EE1BC1AE3F00E18289 /* Assets.xcassets in Resources */ = {isa = PBXBuildFile; fileRef = 15DFA3ED1BC1AE3F00E18289 /* Assets.xcassets */; };
		15DFA3F11BC1AE3F00E18289 /* LaunchScreen.storyboard in Resources */ = {isa = PBXBuildFile; fileRef = 15DFA3EF1BC1AE3F00E18289 /* LaunchScreen.storyboard */; };
		15DFA4031BC1B31D00E18289 /* Task+CoreDataProperties.m in Sources */ = {isa = PBXBuildFile; fileRef = 15DFA3FC1BC1B31D00E18289 /* Task+CoreDataProperties.m */; };
		15DFA4041BC1B31D00E18289 /* Task.m in Sources */ = {isa = PBXBuildFile; fileRef = 15DFA3FE1BC1B31D00E18289 /* Task.m */; };
		15DFA4051BC1B31D00E18289 /* List+CoreDataProperties.m in Sources */ = {isa = PBXBuildFile; fileRef = 15DFA4001BC1B31D00E18289 /* List+CoreDataProperties.m */; };
		15DFA4061BC1B31D00E18289 /* List.m in Sources */ = {isa = PBXBuildFile; fileRef = 15DFA4021BC1B31D00E18289 /* List.m */; };
		15DFA40A1BC1B8E700E18289 /* ListsTableViewController.m in Sources */ = {isa = PBXBuildFile; fileRef = 15DFA4091BC1B8E700E18289 /* ListsTableViewController.m */; };
		15DFA40D1BC1B91400E18289 /* ListCreationTableViewController.m in Sources */ = {isa = PBXBuildFile; fileRef = 15DFA40C1BC1B91400E18289 /* ListCreationTableViewController.m */; };
/* End PBXBuildFile section */

/* Begin PBXFileReference section */
		15191AF41BC5F5A40037E691 /* TasksDetailTableViewController.h */ = {isa = PBXFileReference; fileEncoding = 4; lastKnownFileType = sourcecode.c.h; path = TasksDetailTableViewController.h; sourceTree = "<group>"; };
		15191AF51BC5F5A40037E691 /* TasksDetailTableViewController.m */ = {isa = PBXFileReference; fileEncoding = 4; lastKnownFileType = sourcecode.c.objc; path = TasksDetailTableViewController.m; sourceTree = "<group>"; };
		15CC83521BC88D7F009809BB /* TaskCreationViewController.h */ = {isa = PBXFileReference; fileEncoding = 4; lastKnownFileType = sourcecode.c.h; path = TaskCreationViewController.h; sourceTree = "<group>"; };
		15CC83531BC88D7F009809BB /* TaskCreationViewController.m */ = {isa = PBXFileReference; fileEncoding = 4; lastKnownFileType = sourcecode.c.objc; path = TaskCreationViewController.m; sourceTree = "<group>"; };
		15DFA3DB1BC1AE3F00E18289 /* MarsWater.app */ = {isa = PBXFileReference; explicitFileType = wrapper.application; includeInIndex = 0; path = MarsWater.app; sourceTree = BUILT_PRODUCTS_DIR; };
		15DFA3DF1BC1AE3F00E18289 /* main.m */ = {isa = PBXFileReference; lastKnownFileType = sourcecode.c.objc; path = main.m; sourceTree = "<group>"; };
		15DFA3E11BC1AE3F00E18289 /* AppDelegate.h */ = {isa = PBXFileReference; lastKnownFileType = sourcecode.c.h; path = AppDelegate.h; sourceTree = "<group>"; };
		15DFA3E21BC1AE3F00E18289 /* AppDelegate.m */ = {isa = PBXFileReference; lastKnownFileType = sourcecode.c.objc; path = AppDelegate.m; sourceTree = "<group>"; };
		15DFA3E81BC1AE3F00E18289 /* Base */ = {isa = PBXFileReference; lastKnownFileType = file.storyboard; name = Base; path = Base.lproj/Main.storyboard; sourceTree = "<group>"; };
		15DFA3EB1BC1AE3F00E18289 /* MarsWater.xcdatamodel */ = {isa = PBXFileReference; lastKnownFileType = wrapper.xcdatamodel; path = MarsWater.xcdatamodel; sourceTree = "<group>"; };
		15DFA3ED1BC1AE3F00E18289 /* Assets.xcassets */ = {isa = PBXFileReference; lastKnownFileType = folder.assetcatalog; path = Assets.xcassets; sourceTree = "<group>"; };
		15DFA3F01BC1AE3F00E18289 /* Base */ = {isa = PBXFileReference; lastKnownFileType = file.storyboard; name = Base; path = Base.lproj/LaunchScreen.storyboard; sourceTree = "<group>"; };
		15DFA3F21BC1AE3F00E18289 /* Info.plist */ = {isa = PBXFileReference; lastKnownFileType = text.plist.xml; path = Info.plist; sourceTree = "<group>"; };
		15DFA3FB1BC1B31D00E18289 /* Task+CoreDataProperties.h */ = {isa = PBXFileReference; fileEncoding = 4; lastKnownFileType = sourcecode.c.h; path = "Task+CoreDataProperties.h"; sourceTree = "<group>"; };
		15DFA3FC1BC1B31D00E18289 /* Task+CoreDataProperties.m */ = {isa = PBXFileReference; fileEncoding = 4; lastKnownFileType = sourcecode.c.objc; path = "Task+CoreDataProperties.m"; sourceTree = "<group>"; };
		15DFA3FD1BC1B31D00E18289 /* Task.h */ = {isa = PBXFileReference; fileEncoding = 4; lastKnownFileType = sourcecode.c.h; path = Task.h; sourceTree = "<group>"; };
		15DFA3FE1BC1B31D00E18289 /* Task.m */ = {isa = PBXFileReference; fileEncoding = 4; lastKnownFileType = sourcecode.c.objc; path = Task.m; sourceTree = "<group>"; };
		15DFA3FF1BC1B31D00E18289 /* List+CoreDataProperties.h */ = {isa = PBXFileReference; fileEncoding = 4; lastKnownFileType = sourcecode.c.h; path = "List+CoreDataProperties.h"; sourceTree = "<group>"; };
		15DFA4001BC1B31D00E18289 /* List+CoreDataProperties.m */ = {isa = PBXFileReference; fileEncoding = 4; lastKnownFileType = sourcecode.c.objc; path = "List+CoreDataProperties.m"; sourceTree = "<group>"; };
		15DFA4011BC1B31D00E18289 /* List.h */ = {isa = PBXFileReference; fileEncoding = 4; lastKnownFileType = sourcecode.c.h; path = List.h; sourceTree = "<group>"; };
		15DFA4021BC1B31D00E18289 /* List.m */ = {isa = PBXFileReference; fileEncoding = 4; lastKnownFileType = sourcecode.c.objc; path = List.m; sourceTree = "<group>"; };
		15DFA4081BC1B8E700E18289 /* ListsTableViewController.h */ = {isa = PBXFileReference; fileEncoding = 4; lastKnownFileType = sourcecode.c.h; path = ListsTableViewController.h; sourceTree = "<group>"; };
		15DFA4091BC1B8E700E18289 /* ListsTableViewController.m */ = {isa = PBXFileReference; fileEncoding = 4; lastKnownFileType = sourcecode.c.objc; path = ListsTableViewController.m; sourceTree = "<group>"; };
		15DFA40B1BC1B91400E18289 /* ListCreationTableViewController.h */ = {isa = PBXFileReference; fileEncoding = 4; lastKnownFileType = sourcecode.c.h; path = ListCreationTableViewController.h; sourceTree = "<group>"; };
		15DFA40C1BC1B91400E18289 /* ListCreationTableViewController.m */ = {isa = PBXFileReference; fileEncoding = 4; lastKnownFileType = sourcecode.c.objc; path = ListCreationTableViewController.m; sourceTree = "<group>"; };
/* End PBXFileReference section */

/* Begin PBXFrameworksBuildPhase section */
		15DFA3D81BC1AE3F00E18289 /* Frameworks */ = {
			isa = PBXFrameworksBuildPhase;
			buildActionMask = 2147483647;
			files = (
			);
			runOnlyForDeploymentPostprocessing = 0;
		};
/* End PBXFrameworksBuildPhase section */

/* Begin PBXGroup section */
		15DFA3D21BC1AE3F00E18289 = {
			isa = PBXGroup;
			children = (
				15DFA3DD1BC1AE3F00E18289 /* MarsWater */,
				15DFA3DC1BC1AE3F00E18289 /* Products */,
			);
			sourceTree = "<group>";
		};
		15DFA3DC1BC1AE3F00E18289 /* Products */ = {
			isa = PBXGroup;
			children = (
				15DFA3DB1BC1AE3F00E18289 /* MarsWater.app */,
			);
			name = Products;
			sourceTree = "<group>";
		};
		15DFA3DD1BC1AE3F00E18289 /* MarsWater */ = {
			isa = PBXGroup;
			children = (
				15DFA4071BC1B37B00E18289 /* Model */,
				15DFA3E11BC1AE3F00E18289 /* AppDelegate.h */,
				15DFA3E21BC1AE3F00E18289 /* AppDelegate.m */,
				15DFA4081BC1B8E700E18289 /* ListsTableViewController.h */,
				15DFA4091BC1B8E700E18289 /* ListsTableViewController.m */,
				15DFA40B1BC1B91400E18289 /* ListCreationTableViewController.h */,
				15DFA40C1BC1B91400E18289 /* ListCreationTableViewController.m */,
				15191AF41BC5F5A40037E691 /* TasksDetailTableViewController.h */,
				15191AF51BC5F5A40037E691 /* TasksDetailTableViewController.m */,
				15CC83521BC88D7F009809BB /* TaskCreationViewController.h */,
				15CC83531BC88D7F009809BB /* TaskCreationViewController.m */,
				15DFA3E71BC1AE3F00E18289 /* Main.storyboard */,
				15DFA3ED1BC1AE3F00E18289 /* Assets.xcassets */,
				15DFA3EF1BC1AE3F00E18289 /* LaunchScreen.storyboard */,
				15DFA3F21BC1AE3F00E18289 /* Info.plist */,
				15DFA3EA1BC1AE3F00E18289 /* MarsWater.xcdatamodeld */,
				15DFA3DE1BC1AE3F00E18289 /* Supporting Files */,
			);
			path = MarsWater;
			sourceTree = "<group>";
		};
		15DFA3DE1BC1AE3F00E18289 /* Supporting Files */ = {
			isa = PBXGroup;
			children = (
				15DFA3DF1BC1AE3F00E18289 /* main.m */,
			);
			name = "Supporting Files";
			sourceTree = "<group>";
		};
		15DFA4071BC1B37B00E18289 /* Model */ = {
			isa = PBXGroup;
			children = (
				15DFA3FB1BC1B31D00E18289 /* Task+CoreDataProperties.h */,
				15DFA3FC1BC1B31D00E18289 /* Task+CoreDataProperties.m */,
				15DFA3FD1BC1B31D00E18289 /* Task.h */,
				15DFA3FE1BC1B31D00E18289 /* Task.m */,
				15DFA3FF1BC1B31D00E18289 /* List+CoreDataProperties.h */,
				15DFA4001BC1B31D00E18289 /* List+CoreDataProperties.m */,
				15DFA4011BC1B31D00E18289 /* List.h */,
				15DFA4021BC1B31D00E18289 /* List.m */,
			);
			name = Model;
			sourceTree = "<group>";
		};
/* End PBXGroup section */

/* Begin PBXNativeTarget section */
		15DFA3DA1BC1AE3F00E18289 /* MarsWater */ = {
			isa = PBXNativeTarget;
			buildConfigurationList = 15DFA3F51BC1AE3F00E18289 /* Build configuration list for PBXNativeTarget "MarsWater" */;
			buildPhases = (
				15DFA3D71BC1AE3F00E18289 /* Sources */,
				15DFA3D81BC1AE3F00E18289 /* Frameworks */,
				15DFA3D91BC1AE3F00E18289 /* Resources */,
			);
			buildRules = (
			);
			dependencies = (
			);
			name = MarsWater;
			productName = MarsWater;
			productReference = 15DFA3DB1BC1AE3F00E18289 /* MarsWater.app */;
			productType = "com.apple.product-type.application";
		};
/* End PBXNativeTarget section */

/* Begin PBXProject section */
		15DFA3D31BC1AE3F00E18289 /* Project object */ = {
			isa = PBXProject;
			attributes = {
				LastUpgradeCheck = 0710;
				ORGANIZATIONNAME = myApps;
				TargetAttributes = {
					15DFA3DA1BC1AE3F00E18289 = {
						CreatedOnToolsVersion = 7.1;
						DevelopmentTeam = 4CANNPDNTE;
					};
				};
			};
			buildConfigurationList = 15DFA3D61BC1AE3F00E18289 /* Build configuration list for PBXProject "MarsWater" */;
			compatibilityVersion = "Xcode 3.2";
			developmentRegion = English;
			hasScannedForEncodings = 0;
			knownRegions = (
				en,
				Base,
			);
			mainGroup = 15DFA3D21BC1AE3F00E18289;
			productRefGroup = 15DFA3DC1BC1AE3F00E18289 /* Products */;
			projectDirPath = "";
			projectRoot = "";
			targets = (
				15DFA3DA1BC1AE3F00E18289 /* MarsWater */,
			);
		};
/* End PBXProject section */

/* Begin PBXResourcesBuildPhase section */
		15DFA3D91BC1AE3F00E18289 /* Resources */ = {
			isa = PBXResourcesBuildPhase;
			buildActionMask = 2147483647;
			files = (
				15DFA3F11BC1AE3F00E18289 /* LaunchScreen.storyboard in Resources */,
				15DFA3EE1BC1AE3F00E18289 /* Assets.xcassets in Resources */,
				15DFA3E91BC1AE3F00E18289 /* Main.storyboard in Resources */,
			);
			runOnlyForDeploymentPostprocessing = 0;
		};
/* End PBXResourcesBuildPhase section */

/* Begin PBXSourcesBuildPhase section */
		15DFA3D71BC1AE3F00E18289 /* Sources */ = {
			isa = PBXSourcesBuildPhase;
			buildActionMask = 2147483647;
			files = (
				15DFA3EC1BC1AE3F00E18289 /* MarsWater.xcdatamodeld in Sources */,
				15DFA4031BC1B31D00E18289 /* Task+CoreDataProperties.m in Sources */,
				15191AF61BC5F5A40037E691 /* TasksDetailTableViewController.m in Sources */,
				15DFA3E31BC1AE3F00E18289 /* AppDelegate.m in Sources */,
				15CC83541BC88D7F009809BB /* TaskCreationViewController.m in Sources */,
				15DFA40A1BC1B8E700E18289 /* ListsTableViewController.m in Sources */,
				15DFA4041BC1B31D00E18289 /* Task.m in Sources */,
				15DFA4061BC1B31D00E18289 /* List.m in Sources */,
				15DFA40D1BC1B91400E18289 /* ListCreationTableViewController.m in Sources */,
				15DFA3E01BC1AE3F00E18289 /* main.m in Sources */,
				15DFA4051BC1B31D00E18289 /* List+CoreDataProperties.m in Sources */,
			);
			runOnlyForDeploymentPostprocessing = 0;
		};
/* End PBXSourcesBuildPhase section */

/* Begin PBXVariantGroup section */
		15DFA3E71BC1AE3F00E18289 /* Main.storyboard */ = {
			isa = PBXVariantGroup;
			children = (
				15DFA3E81BC1AE3F00E18289 /* Base */,
			);
			name = Main.storyboard;
			sourceTree = "<group>";
		};
		15DFA3EF1BC1AE3F00E18289 /* LaunchScreen.storyboard */ = {
			isa = PBXVariantGroup;
			children = (
				15DFA3F01BC1AE3F00E18289 /* Base */,
			);
			name = LaunchScreen.storyboard;
			sourceTree = "<group>";
		};
/* End PBXVariantGroup section */

/* Begin XCBuildConfiguration section */
		15DFA3F31BC1AE3F00E18289 /* Debug */ = {
			isa = XCBuildConfiguration;
			buildSettings = {
				ALWAYS_SEARCH_USER_PATHS = NO;
				CLANG_CXX_LANGUAGE_STANDARD = "gnu++0x";
				CLANG_CXX_LIBRARY = "libc++";
				CLANG_ENABLE_MODULES = YES;
				CLANG_ENABLE_OBJC_ARC = YES;
				CLANG_WARN_BOOL_CONVERSION = YES;
				CLANG_WARN_CONSTANT_CONVERSION = YES;
				CLANG_WARN_DIRECT_OBJC_ISA_USAGE = YES_ERROR;
				CLANG_WARN_EMPTY_BODY = YES;
				CLANG_WARN_ENUM_CONVERSION = YES;
				CLANG_WARN_INT_CONVERSION = YES;
				CLANG_WARN_OBJC_ROOT_CLASS = YES_ERROR;
				CLANG_WARN_UNREACHABLE_CODE = YES;
				CLANG_WARN__DUPLICATE_METHOD_MATCH = YES;
				"CODE_SIGN_IDENTITY[sdk=iphoneos*]" = "iPhone Developer";
				COPY_PHASE_STRIP = NO;
				DEBUG_INFORMATION_FORMAT = dwarf;
				ENABLE_STRICT_OBJC_MSGSEND = YES;
				ENABLE_TESTABILITY = YES;
				GCC_C_LANGUAGE_STANDARD = gnu99;
				GCC_DYNAMIC_NO_PIC = NO;
				GCC_NO_COMMON_BLOCKS = YES;
				GCC_OPTIMIZATION_LEVEL = 0;
				GCC_PREPROCESSOR_DEFINITIONS = (
					"DEBUG=1",
					"$(inherited)",
				);
				GCC_WARN_64_TO_32_BIT_CONVERSION = YES;
				GCC_WARN_ABOUT_RETURN_TYPE = YES_ERROR;
				GCC_WARN_UNDECLARED_SELECTOR = YES;
				GCC_WARN_UNINITIALIZED_AUTOS = YES_AGGRESSIVE;
				GCC_WARN_UNUSED_FUNCTION = YES;
				GCC_WARN_UNUSED_VARIABLE = YES;
				IPHONEOS_DEPLOYMENT_TARGET = 9.1;
				MTL_ENABLE_DEBUG_INFO = YES;
				ONLY_ACTIVE_ARCH = YES;
				SDKROOT = iphoneos;
			};
			name = Debug;
		};
		15DFA3F41BC1AE3F00E18289 /* Release */ = {
			isa = XCBuildConfiguration;
			buildSettings = {
				ALWAYS_SEARCH_USER_PATHS = NO;
				CLANG_CXX_LANGUAGE_STANDARD = "gnu++0x";
				CLANG_CXX_LIBRARY = "libc++";
				CLANG_ENABLE_MODULES = YES;
				CLANG_ENABLE_OBJC_ARC = YES;
				CLANG_WARN_BOOL_CONVERSION = YES;
				CLANG_WARN_CONSTANT_CONVERSION = YES;
				CLANG_WARN_DIRECT_OBJC_ISA_USAGE = YES_ERROR;
				CLANG_WARN_EMPTY_BODY = YES;
				CLANG_WARN_ENUM_CONVERSION = YES;
				CLANG_WARN_INT_CONVERSION = YES;
				CLANG_WARN_OBJC_ROOT_CLASS = YES_ERROR;
				CLANG_WARN_UNREACHABLE_CODE = YES;
				CLANG_WARN__DUPLICATE_METHOD_MATCH = YES;
				"CODE_SIGN_IDENTITY[sdk=iphoneos*]" = "iPhone Developer";
				COPY_PHASE_STRIP = NO;
				DEBUG_INFORMATION_FORMAT = "dwarf-with-dsym";
				ENABLE_NS_ASSERTIONS = NO;
				ENABLE_STRICT_OBJC_MSGSEND = YES;
				GCC_C_LANGUAGE_STANDARD = gnu99;
				GCC_NO_COMMON_BLOCKS = YES;
				GCC_WARN_64_TO_32_BIT_CONVERSION = YES;
				GCC_WARN_ABOUT_RETURN_TYPE = YES_ERROR;
				GCC_WARN_UNDECLARED_SELECTOR = YES;
				GCC_WARN_UNINITIALIZED_AUTOS = YES_AGGRESSIVE;
				GCC_WARN_UNUSED_FUNCTION = YES;
				GCC_WARN_UNUSED_VARIABLE = YES;
				IPHONEOS_DEPLOYMENT_TARGET = 9.1;
				MTL_ENABLE_DEBUG_INFO = NO;
				SDKROOT = iphoneos;
				VALIDATE_PRODUCT = YES;
			};
			name = Release;
		};
		15DFA3F61BC1AE3F00E18289 /* Debug */ = {
			isa = XCBuildConfiguration;
			buildSettings = {
				ASSETCATALOG_COMPILER_APPICON_NAME = AppIcon;
				INFOPLIST_FILE = MarsWater/Info.plist;
				IPHONEOS_DEPLOYMENT_TARGET = 9.0;
				LD_RUNPATH_SEARCH_PATHS = "$(inherited) @executable_path/Frameworks";
				PRODUCT_BUNDLE_IDENTIFIER = com.ericsze.MarsWater;
				PRODUCT_NAME = "$(TARGET_NAME)";
				TARGETED_DEVICE_FAMILY = 1;
			};
			name = Debug;
		};
		15DFA3F71BC1AE3F00E18289 /* Release */ = {
			isa = XCBuildConfiguration;
			buildSettings = {
				ASSETCATALOG_COMPILER_APPICON_NAME = AppIcon;
				INFOPLIST_FILE = MarsWater/Info.plist;
				IPHONEOS_DEPLOYMENT_TARGET = 9.0;
				LD_RUNPATH_SEARCH_PATHS = "$(inherited) @executable_path/Frameworks";
				PRODUCT_BUNDLE_IDENTIFIER = com.ericsze.MarsWater;
				PRODUCT_NAME = "$(TARGET_NAME)";
				TARGETED_DEVICE_FAMILY = 1;
			};
			name = Release;
		};
/* End XCBuildConfiguration section */

/* Begin XCConfigurationList section */
		15DFA3D61BC1AE3F00E18289 /* Build configuration list for PBXProject "MarsWater" */ = {
			isa = XCConfigurationList;
			buildConfigurations = (
				15DFA3F31BC1AE3F00E18289 /* Debug */,
				15DFA3F41BC1AE3F00E18289 /* Release */,
			);
			defaultConfigurationIsVisible = 0;
			defaultConfigurationName = Release;
		};
		15DFA3F51BC1AE3F00E18289 /* Build configuration list for PBXNativeTarget "MarsWater" */ = {
			isa = XCConfigurationList;
			buildConfigurations = (
				15DFA3F61BC1AE3F00E18289 /* Debug */,
				15DFA3F71BC1AE3F00E18289 /* Release */,
			);
			defaultConfigurationIsVisible = 0;
			defaultConfigurationName = Release;
		};
/* End XCConfigurationList section */

/* Begin XCVersionGroup section */
		15DFA3EA1BC1AE3F00E18289 /* MarsWater.xcdatamodeld */ = {
			isa = XCVersionGroup;
			children = (
				15DFA3EB1BC1AE3F00E18289 /* MarsWater.xcdatamodel */,
			);
			currentVersion = 15DFA3EB1BC1AE3F00E18289 /* MarsWater.xcdatamodel */;
			path = MarsWater.xcdatamodeld;
			sourceTree = "<group>";
			versionGroupType = wrapper.xcdatamodel;
		};
/* End XCVersionGroup section */
	};
	rootObject = 15DFA3D31BC1AE3F00E18289 /* Project object */;
}
