// !$*UTF8*$!
{
	archiveVersion = 1;
	classes = {
	};
	objectVersion = 46;
	objects = {

/* Begin PBXBuildFile section */
		C7F0B9F51BC1AE8B00115B70 /* main.m in Sources */ = {isa = PBXBuildFile; fileRef = C7F0B9F41BC1AE8B00115B70 /* main.m */; };
		C7F0B9F81BC1AE8B00115B70 /* AppDelegate.m in Sources */ = {isa = PBXBuildFile; fileRef = C7F0B9F71BC1AE8B00115B70 /* AppDelegate.m */; };
		C7F0B9FB1BC1AE8B00115B70 /* ViewController.m in Sources */ = {isa = PBXBuildFile; fileRef = C7F0B9FA1BC1AE8B00115B70 /* ViewController.m */; };
		C7F0B9FE1BC1AE8B00115B70 /* Main.storyboard in Resources */ = {isa = PBXBuildFile; fileRef = C7F0B9FC1BC1AE8B00115B70 /* Main.storyboard */; };
		C7F0BA011BC1AE8B00115B70 /* MarsWater.xcdatamodeld in Sources */ = {isa = PBXBuildFile; fileRef = C7F0B9FF1BC1AE8B00115B70 /* MarsWater.xcdatamodeld */; };
		C7F0BA031BC1AE8B00115B70 /* Assets.xcassets in Resources */ = {isa = PBXBuildFile; fileRef = C7F0BA021BC1AE8B00115B70 /* Assets.xcassets */; };
		C7F0BA061BC1AE8B00115B70 /* LaunchScreen.storyboard in Resources */ = {isa = PBXBuildFile; fileRef = C7F0BA041BC1AE8B00115B70 /* LaunchScreen.storyboard */; };
		C7F0BA111BC1AE8C00115B70 /* MarsWaterTests.m in Sources */ = {isa = PBXBuildFile; fileRef = C7F0BA101BC1AE8C00115B70 /* MarsWaterTests.m */; };
		C7F0BA1C1BC1AE8C00115B70 /* MarsWaterUITests.m in Sources */ = {isa = PBXBuildFile; fileRef = C7F0BA1B1BC1AE8C00115B70 /* MarsWaterUITests.m */; };
		C7F0BA3C1BC1B93D00115B70 /* ListsTableViewController.m in Sources */ = {isa = PBXBuildFile; fileRef = C7F0BA3B1BC1B93D00115B70 /* ListsTableViewController.m */; };
		C7F0BA3F1BC1B96200115B70 /* ListCreationTableViewController.m in Sources */ = {isa = PBXBuildFile; fileRef = C7F0BA3E1BC1B96200115B70 /* ListCreationTableViewController.m */; };
		C7FFC2401BC8493500623BAF /* List.m in Sources */ = {isa = PBXBuildFile; fileRef = C7FFC23C1BC8493500623BAF /* List.m */; };
		C7FFC2411BC8493500623BAF /* Task.m in Sources */ = {isa = PBXBuildFile; fileRef = C7FFC23F1BC8493500623BAF /* Task.m */; };
		C7FFC2441BC853BC00623BAF /* TaskDisplayTableViewController.m in Sources */ = {isa = PBXBuildFile; fileRef = C7FFC2431BC853BC00623BAF /* TaskDisplayTableViewController.m */; };
		C7FFC2471BC87D8F00623BAF /* CustomModalViewController.m in Sources */ = {isa = PBXBuildFile; fileRef = C7FFC2461BC87D8F00623BAF /* CustomModalViewController.m */; };
		C7FFC24C1BC8858800623BAF /* DismissingAnimationController.m in Sources */ = {isa = PBXBuildFile; fileRef = C7FFC2491BC8858800623BAF /* DismissingAnimationController.m */; };
		C7FFC24D1BC8858800623BAF /* PresentingAnimationController.m in Sources */ = {isa = PBXBuildFile; fileRef = C7FFC24B1BC8858800623BAF /* PresentingAnimationController.m */; };
		FD3DA64DEF73D5F0D70A6147 /* libPods.a in Frameworks */ = {isa = PBXBuildFile; fileRef = 3F93639380EF7FABE2328AD5 /* libPods.a */; };
/* End PBXBuildFile section */

/* Begin PBXContainerItemProxy section */
		C7F0BA0D1BC1AE8C00115B70 /* PBXContainerItemProxy */ = {
			isa = PBXContainerItemProxy;
			containerPortal = C7F0B9E81BC1AE8B00115B70 /* Project object */;
			proxyType = 1;
			remoteGlobalIDString = C7F0B9EF1BC1AE8B00115B70;
			remoteInfo = MarsWater;
		};
		C7F0BA181BC1AE8C00115B70 /* PBXContainerItemProxy */ = {
			isa = PBXContainerItemProxy;
			containerPortal = C7F0B9E81BC1AE8B00115B70 /* Project object */;
			proxyType = 1;
			remoteGlobalIDString = C7F0B9EF1BC1AE8B00115B70;
			remoteInfo = MarsWater;
		};
/* End PBXContainerItemProxy section */

/* Begin PBXFileReference section */
		3F93639380EF7FABE2328AD5 /* libPods.a */ = {isa = PBXFileReference; explicitFileType = archive.ar; includeInIndex = 0; path = libPods.a; sourceTree = BUILT_PRODUCTS_DIR; };
		A9EDEFE56E109F9FFCC70EAA /* Pods.debug.xcconfig */ = {isa = PBXFileReference; includeInIndex = 1; lastKnownFileType = text.xcconfig; name = Pods.debug.xcconfig; path = "Pods/Target Support Files/Pods/Pods.debug.xcconfig"; sourceTree = "<group>"; };
		C7F0B9F01BC1AE8B00115B70 /* MarsWater.app */ = {isa = PBXFileReference; explicitFileType = wrapper.application; includeInIndex = 0; path = MarsWater.app; sourceTree = BUILT_PRODUCTS_DIR; };
		C7F0B9F41BC1AE8B00115B70 /* main.m */ = {isa = PBXFileReference; lastKnownFileType = sourcecode.c.objc; path = main.m; sourceTree = "<group>"; };
		C7F0B9F61BC1AE8B00115B70 /* AppDelegate.h */ = {isa = PBXFileReference; lastKnownFileType = sourcecode.c.h; path = AppDelegate.h; sourceTree = "<group>"; };
		C7F0B9F71BC1AE8B00115B70 /* AppDelegate.m */ = {isa = PBXFileReference; lastKnownFileType = sourcecode.c.objc; path = AppDelegate.m; sourceTree = "<group>"; };
		C7F0B9F91BC1AE8B00115B70 /* ViewController.h */ = {isa = PBXFileReference; lastKnownFileType = sourcecode.c.h; path = ViewController.h; sourceTree = "<group>"; };
		C7F0B9FA1BC1AE8B00115B70 /* ViewController.m */ = {isa = PBXFileReference; lastKnownFileType = sourcecode.c.objc; path = ViewController.m; sourceTree = "<group>"; };
		C7F0B9FD1BC1AE8B00115B70 /* Base */ = {isa = PBXFileReference; lastKnownFileType = file.storyboard; name = Base; path = Base.lproj/Main.storyboard; sourceTree = "<group>"; };
		C7F0BA001BC1AE8B00115B70 /* MarsWater.xcdatamodel */ = {isa = PBXFileReference; lastKnownFileType = wrapper.xcdatamodel; path = MarsWater.xcdatamodel; sourceTree = "<group>"; };
		C7F0BA021BC1AE8B00115B70 /* Assets.xcassets */ = {isa = PBXFileReference; lastKnownFileType = folder.assetcatalog; path = Assets.xcassets; sourceTree = "<group>"; };
		C7F0BA051BC1AE8B00115B70 /* Base */ = {isa = PBXFileReference; lastKnownFileType = file.storyboard; name = Base; path = Base.lproj/LaunchScreen.storyboard; sourceTree = "<group>"; };
		C7F0BA071BC1AE8B00115B70 /* Info.plist */ = {isa = PBXFileReference; lastKnownFileType = text.plist.xml; path = Info.plist; sourceTree = "<group>"; };
		C7F0BA0C1BC1AE8C00115B70 /* MarsWaterTests.xctest */ = {isa = PBXFileReference; explicitFileType = wrapper.cfbundle; includeInIndex = 0; path = MarsWaterTests.xctest; sourceTree = BUILT_PRODUCTS_DIR; };
		C7F0BA101BC1AE8C00115B70 /* MarsWaterTests.m */ = {isa = PBXFileReference; lastKnownFileType = sourcecode.c.objc; path = MarsWaterTests.m; sourceTree = "<group>"; };
		C7F0BA121BC1AE8C00115B70 /* Info.plist */ = {isa = PBXFileReference; lastKnownFileType = text.plist.xml; path = Info.plist; sourceTree = "<group>"; };
		C7F0BA171BC1AE8C00115B70 /* MarsWaterUITests.xctest */ = {isa = PBXFileReference; explicitFileType = wrapper.cfbundle; includeInIndex = 0; path = MarsWaterUITests.xctest; sourceTree = BUILT_PRODUCTS_DIR; };
		C7F0BA1B1BC1AE8C00115B70 /* MarsWaterUITests.m */ = {isa = PBXFileReference; lastKnownFileType = sourcecode.c.objc; path = MarsWaterUITests.m; sourceTree = "<group>"; };
		C7F0BA1D1BC1AE8C00115B70 /* Info.plist */ = {isa = PBXFileReference; lastKnownFileType = text.plist.xml; path = Info.plist; sourceTree = "<group>"; };
		C7F0BA3A1BC1B93D00115B70 /* ListsTableViewController.h */ = {isa = PBXFileReference; fileEncoding = 4; lastKnownFileType = sourcecode.c.h; path = ListsTableViewController.h; sourceTree = "<group>"; };
		C7F0BA3B1BC1B93D00115B70 /* ListsTableViewController.m */ = {isa = PBXFileReference; fileEncoding = 4; lastKnownFileType = sourcecode.c.objc; path = ListsTableViewController.m; sourceTree = "<group>"; };
		C7F0BA3D1BC1B96200115B70 /* ListCreationTableViewController.h */ = {isa = PBXFileReference; fileEncoding = 4; lastKnownFileType = sourcecode.c.h; path = ListCreationTableViewController.h; sourceTree = "<group>"; };
		C7F0BA3E1BC1B96200115B70 /* ListCreationTableViewController.m */ = {isa = PBXFileReference; fileEncoding = 4; lastKnownFileType = sourcecode.c.objc; path = ListCreationTableViewController.m; sourceTree = "<group>"; };
		C7FFC2391BC848FC00623BAF /* MarsWater 2.xcdatamodel */ = {isa = PBXFileReference; lastKnownFileType = wrapper.xcdatamodel; path = "MarsWater 2.xcdatamodel"; sourceTree = "<group>"; };
		C7FFC23A1BC8493500623BAF /* List+CoreDataProperties.h */ = {isa = PBXFileReference; fileEncoding = 4; lastKnownFileType = sourcecode.c.h; path = "List+CoreDataProperties.h"; sourceTree = "<group>"; };
		C7FFC23B1BC8493500623BAF /* List.h */ = {isa = PBXFileReference; fileEncoding = 4; lastKnownFileType = sourcecode.c.h; path = List.h; sourceTree = "<group>"; };
		C7FFC23C1BC8493500623BAF /* List.m */ = {isa = PBXFileReference; fileEncoding = 4; lastKnownFileType = sourcecode.c.objc; path = List.m; sourceTree = "<group>"; };
		C7FFC23D1BC8493500623BAF /* Task+CoreDataProperties.h */ = {isa = PBXFileReference; fileEncoding = 4; lastKnownFileType = sourcecode.c.h; path = "Task+CoreDataProperties.h"; sourceTree = "<group>"; };
		C7FFC23E1BC8493500623BAF /* Task.h */ = {isa = PBXFileReference; fileEncoding = 4; lastKnownFileType = sourcecode.c.h; path = Task.h; sourceTree = "<group>"; };
		C7FFC23F1BC8493500623BAF /* Task.m */ = {isa = PBXFileReference; fileEncoding = 4; lastKnownFileType = sourcecode.c.objc; path = Task.m; sourceTree = "<group>"; };
		C7FFC2421BC853BC00623BAF /* TaskDisplayTableViewController.h */ = {isa = PBXFileReference; fileEncoding = 4; lastKnownFileType = sourcecode.c.h; path = TaskDisplayTableViewController.h; sourceTree = "<group>"; };
		C7FFC2431BC853BC00623BAF /* TaskDisplayTableViewController.m */ = {isa = PBXFileReference; fileEncoding = 4; lastKnownFileType = sourcecode.c.objc; path = TaskDisplayTableViewController.m; sourceTree = "<group>"; };
		C7FFC2451BC87D8F00623BAF /* CustomModalViewController.h */ = {isa = PBXFileReference; fileEncoding = 4; lastKnownFileType = sourcecode.c.h; path = CustomModalViewController.h; sourceTree = "<group>"; };
		C7FFC2461BC87D8F00623BAF /* CustomModalViewController.m */ = {isa = PBXFileReference; fileEncoding = 4; lastKnownFileType = sourcecode.c.objc; path = CustomModalViewController.m; sourceTree = "<group>"; };
		C7FFC2481BC8858800623BAF /* DismissingAnimationController.h */ = {isa = PBXFileReference; fileEncoding = 4; lastKnownFileType = sourcecode.c.h; path = DismissingAnimationController.h; sourceTree = "<group>"; };
		C7FFC2491BC8858800623BAF /* DismissingAnimationController.m */ = {isa = PBXFileReference; fileEncoding = 4; lastKnownFileType = sourcecode.c.objc; path = DismissingAnimationController.m; sourceTree = "<group>"; };
		C7FFC24A1BC8858800623BAF /* PresentingAnimationController.h */ = {isa = PBXFileReference; fileEncoding = 4; lastKnownFileType = sourcecode.c.h; path = PresentingAnimationController.h; sourceTree = "<group>"; };
		C7FFC24B1BC8858800623BAF /* PresentingAnimationController.m */ = {isa = PBXFileReference; fileEncoding = 4; lastKnownFileType = sourcecode.c.objc; path = PresentingAnimationController.m; sourceTree = "<group>"; };
		E03D9B35FBED4368B5CD4DBC /* Pods.release.xcconfig */ = {isa = PBXFileReference; includeInIndex = 1; lastKnownFileType = text.xcconfig; name = Pods.release.xcconfig; path = "Pods/Target Support Files/Pods/Pods.release.xcconfig"; sourceTree = "<group>"; };
/* End PBXFileReference section */

/* Begin PBXFrameworksBuildPhase section */
		C7F0B9ED1BC1AE8B00115B70 /* Frameworks */ = {
			isa = PBXFrameworksBuildPhase;
			buildActionMask = 2147483647;
			files = (
				FD3DA64DEF73D5F0D70A6147 /* libPods.a in Frameworks */,
			);
			runOnlyForDeploymentPostprocessing = 0;
		};
		C7F0BA091BC1AE8C00115B70 /* Frameworks */ = {
			isa = PBXFrameworksBuildPhase;
			buildActionMask = 2147483647;
			files = (
			);
			runOnlyForDeploymentPostprocessing = 0;
		};
		C7F0BA141BC1AE8C00115B70 /* Frameworks */ = {
			isa = PBXFrameworksBuildPhase;
			buildActionMask = 2147483647;
			files = (
			);
			runOnlyForDeploymentPostprocessing = 0;
		};
/* End PBXFrameworksBuildPhase section */

/* Begin PBXGroup section */
		7623EBEB6FCF422DEBE075A2 /* Frameworks */ = {
			isa = PBXGroup;
			children = (
				3F93639380EF7FABE2328AD5 /* libPods.a */,
			);
			name = Frameworks;
			sourceTree = "<group>";
		};
		7F099EA8111A9403A5BF57F6 /* Pods */ = {
			isa = PBXGroup;
			children = (
				A9EDEFE56E109F9FFCC70EAA /* Pods.debug.xcconfig */,
				E03D9B35FBED4368B5CD4DBC /* Pods.release.xcconfig */,
			);
			name = Pods;
			sourceTree = "<group>";
		};
		C7F0B9E71BC1AE8B00115B70 = {
			isa = PBXGroup;
			children = (
				C7F0B9F21BC1AE8B00115B70 /* MarsWater */,
				C7F0BA0F1BC1AE8C00115B70 /* MarsWaterTests */,
				C7F0BA1A1BC1AE8C00115B70 /* MarsWaterUITests */,
				C7F0B9F11BC1AE8B00115B70 /* Products */,
				7F099EA8111A9403A5BF57F6 /* Pods */,
				7623EBEB6FCF422DEBE075A2 /* Frameworks */,
			);
			sourceTree = "<group>";
		};
		C7F0B9F11BC1AE8B00115B70 /* Products */ = {
			isa = PBXGroup;
			children = (
				C7F0B9F01BC1AE8B00115B70 /* MarsWater.app */,
				C7F0BA0C1BC1AE8C00115B70 /* MarsWaterTests.xctest */,
				C7F0BA171BC1AE8C00115B70 /* MarsWaterUITests.xctest */,
			);
			name = Products;
			sourceTree = "<group>";
		};
		C7F0B9F21BC1AE8B00115B70 /* MarsWater */ = {
			isa = PBXGroup;
			children = (
				C7FFC2481BC8858800623BAF /* DismissingAnimationController.h */,
				C7FFC2491BC8858800623BAF /* DismissingAnimationController.m */,
				C7FFC24A1BC8858800623BAF /* PresentingAnimationController.h */,
				C7FFC24B1BC8858800623BAF /* PresentingAnimationController.m */,
				C7F0B9F71BC1AE8B00115B70 /* AppDelegate.m */,
				C7F0B9F91BC1AE8B00115B70 /* ViewController.h */,
				C7F0B9FA1BC1AE8B00115B70 /* ViewController.m */,
				C7F0B9F61BC1AE8B00115B70 /* AppDelegate.h */,
				C7F0B9FC1BC1AE8B00115B70 /* Main.storyboard */,
				C7FFC2451BC87D8F00623BAF /* CustomModalViewController.h */,
				C7FFC2461BC87D8F00623BAF /* CustomModalViewController.m */,
				C7F0BA3A1BC1B93D00115B70 /* ListsTableViewController.h */,
				C7F0BA3B1BC1B93D00115B70 /* ListsTableViewController.m */,
				C7FFC2421BC853BC00623BAF /* TaskDisplayTableViewController.h */,
				C7FFC2431BC853BC00623BAF /* TaskDisplayTableViewController.m */,
				C7F0BA3D1BC1B96200115B70 /* ListCreationTableViewController.h */,
				C7F0BA3E1BC1B96200115B70 /* ListCreationTableViewController.m */,
				C7F0BA021BC1AE8B00115B70 /* Assets.xcassets */,
				C7F0BA041BC1AE8B00115B70 /* LaunchScreen.storyboard */,
				C7F0BA071BC1AE8B00115B70 /* Info.plist */,
				C7F0B9FF1BC1AE8B00115B70 /* MarsWater.xcdatamodeld */,
				C7FFC23A1BC8493500623BAF /* List+CoreDataProperties.h */,
				C7FFC23B1BC8493500623BAF /* List.h */,
				C7FFC23C1BC8493500623BAF /* List.m */,
				C7FFC23D1BC8493500623BAF /* Task+CoreDataProperties.h */,
				C7FFC23E1BC8493500623BAF /* Task.h */,
				C7FFC23F1BC8493500623BAF /* Task.m */,
				C7F0B9F31BC1AE8B00115B70 /* Supporting Files */,
			);
			path = MarsWater;
			sourceTree = "<group>";
		};
		C7F0B9F31BC1AE8B00115B70 /* Supporting Files */ = {
			isa = PBXGroup;
			children = (
				C7F0B9F41BC1AE8B00115B70 /* main.m */,
			);
			name = "Supporting Files";
			sourceTree = "<group>";
		};
		C7F0BA0F1BC1AE8C00115B70 /* MarsWaterTests */ = {
			isa = PBXGroup;
			children = (
				C7F0BA101BC1AE8C00115B70 /* MarsWaterTests.m */,
				C7F0BA121BC1AE8C00115B70 /* Info.plist */,
			);
			path = MarsWaterTests;
			sourceTree = "<group>";
		};
		C7F0BA1A1BC1AE8C00115B70 /* MarsWaterUITests */ = {
			isa = PBXGroup;
			children = (
				C7F0BA1B1BC1AE8C00115B70 /* MarsWaterUITests.m */,
				C7F0BA1D1BC1AE8C00115B70 /* Info.plist */,
			);
			path = MarsWaterUITests;
			sourceTree = "<group>";
		};
/* End PBXGroup section */

/* Begin PBXNativeTarget section */
		C7F0B9EF1BC1AE8B00115B70 /* MarsWater */ = {
			isa = PBXNativeTarget;
			buildConfigurationList = C7F0BA201BC1AE8C00115B70 /* Build configuration list for PBXNativeTarget "MarsWater" */;
			buildPhases = (
				C033CD722FB9E0A69E84600B /* Check Pods Manifest.lock */,
				C7F0B9EC1BC1AE8B00115B70 /* Sources */,
				C7F0B9ED1BC1AE8B00115B70 /* Frameworks */,
				C7F0B9EE1BC1AE8B00115B70 /* Resources */,
				E5FED00096823F259E257896 /* Copy Pods Resources */,
			);
			buildRules = (
			);
			dependencies = (
			);
			name = MarsWater;
			productName = MarsWater;
			productReference = C7F0B9F01BC1AE8B00115B70 /* MarsWater.app */;
			productType = "com.apple.product-type.application";
		};
		C7F0BA0B1BC1AE8C00115B70 /* MarsWaterTests */ = {
			isa = PBXNativeTarget;
			buildConfigurationList = C7F0BA231BC1AE8C00115B70 /* Build configuration list for PBXNativeTarget "MarsWaterTests" */;
			buildPhases = (
				C7F0BA081BC1AE8C00115B70 /* Sources */,
				C7F0BA091BC1AE8C00115B70 /* Frameworks */,
				C7F0BA0A1BC1AE8C00115B70 /* Resources */,
			);
			buildRules = (
			);
			dependencies = (
				C7F0BA0E1BC1AE8C00115B70 /* PBXTargetDependency */,
			);
			name = MarsWaterTests;
			productName = MarsWaterTests;
			productReference = C7F0BA0C1BC1AE8C00115B70 /* MarsWaterTests.xctest */;
			productType = "com.apple.product-type.bundle.unit-test";
		};
		C7F0BA161BC1AE8C00115B70 /* MarsWaterUITests */ = {
			isa = PBXNativeTarget;
			buildConfigurationList = C7F0BA261BC1AE8C00115B70 /* Build configuration list for PBXNativeTarget "MarsWaterUITests" */;
			buildPhases = (
				C7F0BA131BC1AE8C00115B70 /* Sources */,
				C7F0BA141BC1AE8C00115B70 /* Frameworks */,
				C7F0BA151BC1AE8C00115B70 /* Resources */,
			);
			buildRules = (
			);
			dependencies = (
				C7F0BA191BC1AE8C00115B70 /* PBXTargetDependency */,
			);
			name = MarsWaterUITests;
			productName = MarsWaterUITests;
			productReference = C7F0BA171BC1AE8C00115B70 /* MarsWaterUITests.xctest */;
			productType = "com.apple.product-type.bundle.ui-testing";
		};
/* End PBXNativeTarget section */

/* Begin PBXProject section */
		C7F0B9E81BC1AE8B00115B70 /* Project object */ = {
			isa = PBXProject;
			attributes = {
				LastUpgradeCheck = 0700;
				ORGANIZATIONNAME = "Varindra Hart";
				TargetAttributes = {
					C7F0B9EF1BC1AE8B00115B70 = {
						CreatedOnToolsVersion = 7.0;
						DevelopmentTeam = 3L76772298;
					};
					C7F0BA0B1BC1AE8C00115B70 = {
						CreatedOnToolsVersion = 7.0;
						DevelopmentTeam = 3L76772298;
						TestTargetID = C7F0B9EF1BC1AE8B00115B70;
					};
					C7F0BA161BC1AE8C00115B70 = {
						CreatedOnToolsVersion = 7.0;
						DevelopmentTeam = 3L76772298;
						TestTargetID = C7F0B9EF1BC1AE8B00115B70;
					};
				};
			};
			buildConfigurationList = C7F0B9EB1BC1AE8B00115B70 /* Build configuration list for PBXProject "MarsWater" */;
			compatibilityVersion = "Xcode 3.2";
			developmentRegion = English;
			hasScannedForEncodings = 0;
			knownRegions = (
				en,
				Base,
			);
			mainGroup = C7F0B9E71BC1AE8B00115B70;
			productRefGroup = C7F0B9F11BC1AE8B00115B70 /* Products */;
			projectDirPath = "";
			projectRoot = "";
			targets = (
				C7F0B9EF1BC1AE8B00115B70 /* MarsWater */,
				C7F0BA0B1BC1AE8C00115B70 /* MarsWaterTests */,
				C7F0BA161BC1AE8C00115B70 /* MarsWaterUITests */,
			);
		};
/* End PBXProject section */

/* Begin PBXResourcesBuildPhase section */
		C7F0B9EE1BC1AE8B00115B70 /* Resources */ = {
			isa = PBXResourcesBuildPhase;
			buildActionMask = 2147483647;
			files = (
				C7F0BA061BC1AE8B00115B70 /* LaunchScreen.storyboard in Resources */,
				C7F0BA031BC1AE8B00115B70 /* Assets.xcassets in Resources */,
				C7F0B9FE1BC1AE8B00115B70 /* Main.storyboard in Resources */,
			);
			runOnlyForDeploymentPostprocessing = 0;
		};
		C7F0BA0A1BC1AE8C00115B70 /* Resources */ = {
			isa = PBXResourcesBuildPhase;
			buildActionMask = 2147483647;
			files = (
			);
			runOnlyForDeploymentPostprocessing = 0;
		};
		C7F0BA151BC1AE8C00115B70 /* Resources */ = {
			isa = PBXResourcesBuildPhase;
			buildActionMask = 2147483647;
			files = (
			);
			runOnlyForDeploymentPostprocessing = 0;
		};
/* End PBXResourcesBuildPhase section */

/* Begin PBXShellScriptBuildPhase section */
		C033CD722FB9E0A69E84600B /* Check Pods Manifest.lock */ = {
			isa = PBXShellScriptBuildPhase;
			buildActionMask = 2147483647;
			files = (
			);
			inputPaths = (
			);
			name = "Check Pods Manifest.lock";
			outputPaths = (
			);
			runOnlyForDeploymentPostprocessing = 0;
			shellPath = /bin/sh;
			shellScript = "diff \"${PODS_ROOT}/../Podfile.lock\" \"${PODS_ROOT}/Manifest.lock\" > /dev/null\nif [[ $? != 0 ]] ; then\n    cat << EOM\nerror: The sandbox is not in sync with the Podfile.lock. Run 'pod install' or update your CocoaPods installation.\nEOM\n    exit 1\nfi\n";
			showEnvVarsInLog = 0;
		};
		E5FED00096823F259E257896 /* Copy Pods Resources */ = {
			isa = PBXShellScriptBuildPhase;
			buildActionMask = 2147483647;
			files = (
			);
			inputPaths = (
			);
			name = "Copy Pods Resources";
			outputPaths = (
			);
			runOnlyForDeploymentPostprocessing = 0;
			shellPath = /bin/sh;
			shellScript = "\"${SRCROOT}/Pods/Target Support Files/Pods/Pods-resources.sh\"\n";
			showEnvVarsInLog = 0;
		};
/* End PBXShellScriptBuildPhase section */

/* Begin PBXSourcesBuildPhase section */
		C7F0B9EC1BC1AE8B00115B70 /* Sources */ = {
			isa = PBXSourcesBuildPhase;
			buildActionMask = 2147483647;
			files = (
				C7FFC2411BC8493500623BAF /* Task.m in Sources */,
				C7FFC2471BC87D8F00623BAF /* CustomModalViewController.m in Sources */,
				C7FFC24C1BC8858800623BAF /* DismissingAnimationController.m in Sources */,
				C7F0BA3C1BC1B93D00115B70 /* ListsTableViewController.m in Sources */,
				C7F0BA011BC1AE8B00115B70 /* MarsWater.xcdatamodeld in Sources */,
				C7FFC24D1BC8858800623BAF /* PresentingAnimationController.m in Sources */,
				C7FFC2401BC8493500623BAF /* List.m in Sources */,
				C7F0B9FB1BC1AE8B00115B70 /* ViewController.m in Sources */,
				C7F0BA3F1BC1B96200115B70 /* ListCreationTableViewController.m in Sources */,
				C7FFC2441BC853BC00623BAF /* TaskDisplayTableViewController.m in Sources */,
				C7F0B9F81BC1AE8B00115B70 /* AppDelegate.m in Sources */,
				C7F0B9F51BC1AE8B00115B70 /* main.m in Sources */,
			);
			runOnlyForDeploymentPostprocessing = 0;
		};
		C7F0BA081BC1AE8C00115B70 /* Sources */ = {
			isa = PBXSourcesBuildPhase;
			buildActionMask = 2147483647;
			files = (
				C7F0BA111BC1AE8C00115B70 /* MarsWaterTests.m in Sources */,
			);
			runOnlyForDeploymentPostprocessing = 0;
		};
		C7F0BA131BC1AE8C00115B70 /* Sources */ = {
			isa = PBXSourcesBuildPhase;
			buildActionMask = 2147483647;
			files = (
				C7F0BA1C1BC1AE8C00115B70 /* MarsWaterUITests.m in Sources */,
			);
			runOnlyForDeploymentPostprocessing = 0;
		};
/* End PBXSourcesBuildPhase section */

/* Begin PBXTargetDependency section */
		C7F0BA0E1BC1AE8C00115B70 /* PBXTargetDependency */ = {
			isa = PBXTargetDependency;
			target = C7F0B9EF1BC1AE8B00115B70 /* MarsWater */;
			targetProxy = C7F0BA0D1BC1AE8C00115B70 /* PBXContainerItemProxy */;
		};
		C7F0BA191BC1AE8C00115B70 /* PBXTargetDependency */ = {
			isa = PBXTargetDependency;
			target = C7F0B9EF1BC1AE8B00115B70 /* MarsWater */;
			targetProxy = C7F0BA181BC1AE8C00115B70 /* PBXContainerItemProxy */;
		};
/* End PBXTargetDependency section */

/* Begin PBXVariantGroup section */
		C7F0B9FC1BC1AE8B00115B70 /* Main.storyboard */ = {
			isa = PBXVariantGroup;
			children = (
				C7F0B9FD1BC1AE8B00115B70 /* Base */,
			);
			name = Main.storyboard;
			sourceTree = "<group>";
		};
		C7F0BA041BC1AE8B00115B70 /* LaunchScreen.storyboard */ = {
			isa = PBXVariantGroup;
			children = (
				C7F0BA051BC1AE8B00115B70 /* Base */,
			);
			name = LaunchScreen.storyboard;
			sourceTree = "<group>";
		};
/* End PBXVariantGroup section */

/* Begin XCBuildConfiguration section */
		C7F0BA1E1BC1AE8C00115B70 /* Debug */ = {
			isa = XCBuildConfiguration;
			buildSettings = {
				ALWAYS_SEARCH_USER_PATHS = NO;
				CLANG_CXX_LANGUAGE_STANDARD = "gnu++0x";
				CLANG_CXX_LIBRARY = "libc++";
				CLANG_ENABLE_MODULES = YES;
				CLANG_ENABLE_OBJC_ARC = YES;
				CLANG_WARN_BOOL_CONVERSION = YES;
				CLANG_WARN_CONSTANT_CONVERSION = YES;
				CLANG_WARN_DIRECT_OBJC_ISA_USAGE = YES_ERROR;
				CLANG_WARN_EMPTY_BODY = YES;
				CLANG_WARN_ENUM_CONVERSION = YES;
				CLANG_WARN_INT_CONVERSION = YES;
				CLANG_WARN_OBJC_ROOT_CLASS = YES_ERROR;
				CLANG_WARN_UNREACHABLE_CODE = YES;
				CLANG_WARN__DUPLICATE_METHOD_MATCH = YES;
				"CODE_SIGN_IDENTITY[sdk=iphoneos*]" = "iPhone Developer";
				COPY_PHASE_STRIP = NO;
				DEBUG_INFORMATION_FORMAT = dwarf;
				ENABLE_STRICT_OBJC_MSGSEND = YES;
				ENABLE_TESTABILITY = YES;
				GCC_C_LANGUAGE_STANDARD = gnu99;
				GCC_DYNAMIC_NO_PIC = NO;
				GCC_NO_COMMON_BLOCKS = YES;
				GCC_OPTIMIZATION_LEVEL = 0;
				GCC_PREPROCESSOR_DEFINITIONS = (
					"DEBUG=1",
					"$(inherited)",
				);
				GCC_WARN_64_TO_32_BIT_CONVERSION = YES;
				GCC_WARN_ABOUT_RETURN_TYPE = YES_ERROR;
				GCC_WARN_UNDECLARED_SELECTOR = YES;
				GCC_WARN_UNINITIALIZED_AUTOS = YES_AGGRESSIVE;
				GCC_WARN_UNUSED_FUNCTION = YES;
				GCC_WARN_UNUSED_VARIABLE = YES;
				IPHONEOS_DEPLOYMENT_TARGET = 9.0;
				MTL_ENABLE_DEBUG_INFO = YES;
				ONLY_ACTIVE_ARCH = YES;
				SDKROOT = iphoneos;
				TARGETED_DEVICE_FAMILY = "1,2";
			};
			name = Debug;
		};
		C7F0BA1F1BC1AE8C00115B70 /* Release */ = {
			isa = XCBuildConfiguration;
			buildSettings = {
				ALWAYS_SEARCH_USER_PATHS = NO;
				CLANG_CXX_LANGUAGE_STANDARD = "gnu++0x";
				CLANG_CXX_LIBRARY = "libc++";
				CLANG_ENABLE_MODULES = YES;
				CLANG_ENABLE_OBJC_ARC = YES;
				CLANG_WARN_BOOL_CONVERSION = YES;
				CLANG_WARN_CONSTANT_CONVERSION = YES;
				CLANG_WARN_DIRECT_OBJC_ISA_USAGE = YES_ERROR;
				CLANG_WARN_EMPTY_BODY = YES;
				CLANG_WARN_ENUM_CONVERSION = YES;
				CLANG_WARN_INT_CONVERSION = YES;
				CLANG_WARN_OBJC_ROOT_CLASS = YES_ERROR;
				CLANG_WARN_UNREACHABLE_CODE = YES;
				CLANG_WARN__DUPLICATE_METHOD_MATCH = YES;
				"CODE_SIGN_IDENTITY[sdk=iphoneos*]" = "iPhone Developer";
				COPY_PHASE_STRIP = NO;
				DEBUG_INFORMATION_FORMAT = "dwarf-with-dsym";
				ENABLE_NS_ASSERTIONS = NO;
				ENABLE_STRICT_OBJC_MSGSEND = YES;
				GCC_C_LANGUAGE_STANDARD = gnu99;
				GCC_NO_COMMON_BLOCKS = YES;
				GCC_WARN_64_TO_32_BIT_CONVERSION = YES;
				GCC_WARN_ABOUT_RETURN_TYPE = YES_ERROR;
				GCC_WARN_UNDECLARED_SELECTOR = YES;
				GCC_WARN_UNINITIALIZED_AUTOS = YES_AGGRESSIVE;
				GCC_WARN_UNUSED_FUNCTION = YES;
				GCC_WARN_UNUSED_VARIABLE = YES;
				IPHONEOS_DEPLOYMENT_TARGET = 9.0;
				MTL_ENABLE_DEBUG_INFO = NO;
				SDKROOT = iphoneos;
				TARGETED_DEVICE_FAMILY = "1,2";
				VALIDATE_PRODUCT = YES;
			};
			name = Release;
		};
		C7F0BA211BC1AE8C00115B70 /* Debug */ = {
			isa = XCBuildConfiguration;
			baseConfigurationReference = A9EDEFE56E109F9FFCC70EAA /* Pods.debug.xcconfig */;
			buildSettings = {
				ASSETCATALOG_COMPILER_APPICON_NAME = AppIcon;
				INFOPLIST_FILE = MarsWater/Info.plist;
				LD_RUNPATH_SEARCH_PATHS = "$(inherited) @executable_path/Frameworks";
				PRODUCT_BUNDLE_IDENTIFIER = nyc.c4q.vhart.MarsWater;
				PRODUCT_NAME = "$(TARGET_NAME)";
			};
			name = Debug;
		};
		C7F0BA221BC1AE8C00115B70 /* Release */ = {
			isa = XCBuildConfiguration;
			baseConfigurationReference = E03D9B35FBED4368B5CD4DBC /* Pods.release.xcconfig */;
			buildSettings = {
				ASSETCATALOG_COMPILER_APPICON_NAME = AppIcon;
				INFOPLIST_FILE = MarsWater/Info.plist;
				LD_RUNPATH_SEARCH_PATHS = "$(inherited) @executable_path/Frameworks";
				PRODUCT_BUNDLE_IDENTIFIER = nyc.c4q.vhart.MarsWater;
				PRODUCT_NAME = "$(TARGET_NAME)";
			};
			name = Release;
		};
		C7F0BA241BC1AE8C00115B70 /* Debug */ = {
			isa = XCBuildConfiguration;
			buildSettings = {
				BUNDLE_LOADER = "$(TEST_HOST)";
				INFOPLIST_FILE = MarsWaterTests/Info.plist;
				LD_RUNPATH_SEARCH_PATHS = "$(inherited) @executable_path/Frameworks @loader_path/Frameworks";
				PRODUCT_BUNDLE_IDENTIFIER = nyc.c4q.vhart.MarsWaterTests;
				PRODUCT_NAME = "$(TARGET_NAME)";
				TEST_HOST = "$(BUILT_PRODUCTS_DIR)/MarsWater.app/MarsWater";
			};
			name = Debug;
		};
		C7F0BA251BC1AE8C00115B70 /* Release */ = {
			isa = XCBuildConfiguration;
			buildSettings = {
				BUNDLE_LOADER = "$(TEST_HOST)";
				INFOPLIST_FILE = MarsWaterTests/Info.plist;
				LD_RUNPATH_SEARCH_PATHS = "$(inherited) @executable_path/Frameworks @loader_path/Frameworks";
				PRODUCT_BUNDLE_IDENTIFIER = nyc.c4q.vhart.MarsWaterTests;
				PRODUCT_NAME = "$(TARGET_NAME)";
				TEST_HOST = "$(BUILT_PRODUCTS_DIR)/MarsWater.app/MarsWater";
			};
			name = Release;
		};
		C7F0BA271BC1AE8C00115B70 /* Debug */ = {
			isa = XCBuildConfiguration;
			buildSettings = {
				INFOPLIST_FILE = MarsWaterUITests/Info.plist;
				LD_RUNPATH_SEARCH_PATHS = "$(inherited) @executable_path/Frameworks @loader_path/Frameworks";
				PRODUCT_BUNDLE_IDENTIFIER = nyc.c4q.vhart.MarsWaterUITests;
				PRODUCT_NAME = "$(TARGET_NAME)";
				TEST_TARGET_NAME = MarsWater;
				USES_XCTRUNNER = YES;
			};
			name = Debug;
		};
		C7F0BA281BC1AE8C00115B70 /* Release */ = {
			isa = XCBuildConfiguration;
			buildSettings = {
				INFOPLIST_FILE = MarsWaterUITests/Info.plist;
				LD_RUNPATH_SEARCH_PATHS = "$(inherited) @executable_path/Frameworks @loader_path/Frameworks";
				PRODUCT_BUNDLE_IDENTIFIER = nyc.c4q.vhart.MarsWaterUITests;
				PRODUCT_NAME = "$(TARGET_NAME)";
				TEST_TARGET_NAME = MarsWater;
				USES_XCTRUNNER = YES;
			};
			name = Release;
		};
/* End XCBuildConfiguration section */

/* Begin XCConfigurationList section */
		C7F0B9EB1BC1AE8B00115B70 /* Build configuration list for PBXProject "MarsWater" */ = {
			isa = XCConfigurationList;
			buildConfigurations = (
				C7F0BA1E1BC1AE8C00115B70 /* Debug */,
				C7F0BA1F1BC1AE8C00115B70 /* Release */,
			);
			defaultConfigurationIsVisible = 0;
			defaultConfigurationName = Release;
		};
		C7F0BA201BC1AE8C00115B70 /* Build configuration list for PBXNativeTarget "MarsWater" */ = {
			isa = XCConfigurationList;
			buildConfigurations = (
				C7F0BA211BC1AE8C00115B70 /* Debug */,
				C7F0BA221BC1AE8C00115B70 /* Release */,
			);
			defaultConfigurationIsVisible = 0;
			defaultConfigurationName = Release;
		};
		C7F0BA231BC1AE8C00115B70 /* Build configuration list for PBXNativeTarget "MarsWaterTests" */ = {
			isa = XCConfigurationList;
			buildConfigurations = (
				C7F0BA241BC1AE8C00115B70 /* Debug */,
				C7F0BA251BC1AE8C00115B70 /* Release */,
			);
			defaultConfigurationIsVisible = 0;
			defaultConfigurationName = Release;
		};
		C7F0BA261BC1AE8C00115B70 /* Build configuration list for PBXNativeTarget "MarsWaterUITests" */ = {
			isa = XCConfigurationList;
			buildConfigurations = (
				C7F0BA271BC1AE8C00115B70 /* Debug */,
				C7F0BA281BC1AE8C00115B70 /* Release */,
			);
			defaultConfigurationIsVisible = 0;
			defaultConfigurationName = Release;
		};
/* End XCConfigurationList section */

/* Begin XCVersionGroup section */
		C7F0B9FF1BC1AE8B00115B70 /* MarsWater.xcdatamodeld */ = {
			isa = XCVersionGroup;
			children = (
				C7FFC2391BC848FC00623BAF /* MarsWater 2.xcdatamodel */,
				C7F0BA001BC1AE8B00115B70 /* MarsWater.xcdatamodel */,
			);
			currentVersion = C7FFC2391BC848FC00623BAF /* MarsWater 2.xcdatamodel */;
			path = MarsWater.xcdatamodeld;
			sourceTree = "<group>";
			versionGroupType = wrapper.xcdatamodel;
		};
/* End XCVersionGroup section */
	};
	rootObject = C7F0B9E81BC1AE8B00115B70 /* Project object */;
}
